
Microsoft Visual Studio Solution File, Format Version 12.00
# Visual Studio Version 17
VisualStudioVersion = 17.4.33213.308
MinimumVisualStudioVersion = 10.0.40219.1
Project("{FAE04EC0-301F-11D3-BF4B-00C04F79EFBC}") = "projeto", "projeto.csproj", "{71650FA9-C6DE-41A5-B936-730E4633DC0B}"
EndProject
Global
	GlobalSection(SolutionConfigurationPlatforms) = preSolution
		Debug|Any CPU = Debug|Any CPU
		Release|Any CPU = Release|Any CPU
	EndGlobalSection
	GlobalSection(ProjectConfigurationPlatforms) = postSolution
		{71650FA9-C6DE-41A5-B936-730E4633DC0B}.Debug|Any CPU.ActiveCfg = Debug|Any CPU
		{71650FA9-C6DE-41A5-B936-730E4633DC0B}.Debug|Any CPU.Build.0 = Debug|Any CPU
		{71650FA9-C6DE-41A5-B936-730E4633DC0B}.Release|Any CPU.ActiveCfg = Release|Any CPU
		{71650FA9-C6DE-41A5-B936-730E4633DC0B}.Release|Any CPU.Build.0 = Release|Any CPU
	EndGlobalSection
	GlobalSection(SolutionProperties) = preSolution
		HideSolutionNode = FALSE
	EndGlobalSection
	GlobalSection(ExtensibilityGlobals) = postSolution
		SolutionGuid = {AA7CE1CE-CF82-4469-B560-C497CD5EEF92}
	EndGlobalSection
EndGlobal
